
Microsoft Visual Studio Solution File, Format Version 12.00
# Visual Studio Version 17
VisualStudioVersion = 17.0.31903.59
MinimumVisualStudioVersion = 10.0.40219.1
Project("{FAE04EC0-301F-11D3-BF4B-00C04F79EFBC}") = "Album.Api", "Album.Api\Album.Api.csproj", "{CBB3C944-2E90-4B60-BC0D-7C7E2A8F796F}"
EndProject
Project("{FAE04EC0-301F-11D3-BF4B-00C04F79EFBC}") = "Album.Api.Tests", "Album.Api.Tests\Album.Api.Tests.csproj", "{69A4B442-AB55-4C9A-994B-51880160CFED}"
EndProject
Global
	GlobalSection(SolutionConfigurationPlatforms) = preSolution
		Debug|Any CPU = Debug|Any CPU
		Release|Any CPU = Release|Any CPU
	EndGlobalSection
	GlobalSection(SolutionProperties) = preSolution
		HideSolutionNode = FALSE
	EndGlobalSection
	GlobalSection(ProjectConfigurationPlatforms) = postSolution
		{CBB3C944-2E90-4B60-BC0D-7C7E2A8F796F}.Debug|Any CPU.ActiveCfg = Debug|Any CPU
		{CBB3C944-2E90-4B60-BC0D-7C7E2A8F796F}.Debug|Any CPU.Build.0 = Debug|Any CPU
		{CBB3C944-2E90-4B60-BC0D-7C7E2A8F796F}.Release|Any CPU.ActiveCfg = Release|Any CPU
		{CBB3C944-2E90-4B60-BC0D-7C7E2A8F796F}.Release|Any CPU.Build.0 = Release|Any CPU
		{69A4B442-AB55-4C9A-994B-51880160CFED}.Debug|Any CPU.ActiveCfg = Debug|Any CPU
		{69A4B442-AB55-4C9A-994B-51880160CFED}.Debug|Any CPU.Build.0 = Debug|Any CPU
		{69A4B442-AB55-4C9A-994B-51880160CFED}.Release|Any CPU.ActiveCfg = Release|Any CPU
		{69A4B442-AB55-4C9A-994B-51880160CFED}.Release|Any CPU.Build.0 = Release|Any CPU
	EndGlobalSection
EndGlobal
